
Microsoft Visual Studio Solution File, Format Version 12.00
# Visual Studio Version 17
VisualStudioVersion = 17.14.35821.62 d17.14
MinimumVisualStudioVersion = 10.0.40219.1
Project("{888888A0-9F3D-457C-B088-3A5042F75D52}") = "CSV", "CSV.pyproj", "{F492964D-FA4A-4F5E-82B6-370C8CB2271D}"
EndProject
Global
	GlobalSection(SolutionConfigurationPlatforms) = preSolution
		Debug|Any CPU = Debug|Any CPU
		Release|Any CPU = Release|Any CPU
	EndGlobalSection
	GlobalSection(ProjectConfigurationPlatforms) = postSolution
		{F492964D-FA4A-4F5E-82B6-370C8CB2271D}.Debug|Any CPU.ActiveCfg = Debug|Any CPU
		{F492964D-FA4A-4F5E-82B6-370C8CB2271D}.Release|Any CPU.ActiveCfg = Release|Any CPU
	EndGlobalSection
	GlobalSection(SolutionProperties) = preSolution
		HideSolutionNode = FALSE
	EndGlobalSection
	GlobalSection(ExtensibilityGlobals) = postSolution
		SolutionGuid = {4351126D-28D9-466D-BD7C-C4199B4AED3E}
	EndGlobalSection
EndGlobal
